
Microsoft Visual Studio Solution File, Format Version 12.00
# Visual Studio Version 16
VisualStudioVersion = 16.0.29926.136
MinimumVisualStudioVersion = 10.0.40219.1
Project("{2150E333-8FDC-42A3-9474-1A3956D46DE8}") = "MediaBuyer", "MediaBuyer", "{0E3B24A4-2638-4D0A-88E2-BD8C4100E5CF}"
EndProject
Project("{2150E333-8FDC-42A3-9474-1A3956D46DE8}") = "Admin", "Admin", "{0DEF5629-1780-4BE9-8D34-AC8B7D0B1670}"
EndProject
Project("{9A19103F-16F7-4668-BE54-9A1E7A4F7556}") = "MetronicTop", "..\MetronicTop\MetronicTop\MetronicTop.csproj", "{EE55F301-AD19-41A3-891F-E4D10517431F}"
EndProject
Project("{9A19103F-16F7-4668-BE54-9A1E7A4F7556}") = "Iklan", "..\Iklan\Iklan\Iklan.csproj", "{5FA21F44-F612-45CE-AEB0-0C8FB96E938F}"
EndProject
Project("{2150E333-8FDC-42A3-9474-1A3956D46DE8}") = "OldWeb", "OldWeb", "{8DA162D4-5202-4D34-91C2-10B67FB5FE0D}"
EndProject
Project("{9A19103F-16F7-4668-BE54-9A1E7A4F7556}") = "Billboard360.Web", "..\Web\Billboard360.Web\Billboard360.Web.csproj", "{BA4A4E63-409F-4838-8D57-DDF56ADA27B4}"
EndProject
Project("{2150E333-8FDC-42A3-9474-1A3956D46DE8}") = "API", "API", "{C8BFB4BC-EC9D-470B-A640-8D80A3B42EA4}"
EndProject
Project("{9A19103F-16F7-4668-BE54-9A1E7A4F7556}") = "Billboard360.API", "..\Billboard360.API\Billboard360.API.csproj", "{3A8B9BA8-2B34-4829-A9DA-F0D6DC043885}"
EndProject
Project("{2150E333-8FDC-42A3-9474-1A3956D46DE8}") = "Common", "Common", "{A94D6FA0-0EF3-4362-B2DB-1CC660C339D3}"
EndProject
Project("{9A19103F-16F7-4668-BE54-9A1E7A4F7556}") = "Billboard360.DataAccess", "..\Billboard360.DataAccess\Billboard360.DataAccess.csproj", "{7608DD5C-1B3B-4C3B-9CC1-6598619F1FFE}"
EndProject
Project("{9A19103F-16F7-4668-BE54-9A1E7A4F7556}") = "Billboard360.Helper", "..\Billboard360.Helper\Billboard360.Helper.csproj", "{5F163718-8AB9-4182-9D5E-758E05BC656A}"
EndProject
Project("{9A19103F-16F7-4668-BE54-9A1E7A4F7556}") = "Billboard360.Services", "..\Billboard360.Services\Billboard360.Services.csproj", "{ABD075C0-C5D3-418F-9725-110A078C073A}"
EndProject
Project("{9A19103F-16F7-4668-BE54-9A1E7A4F7556}") = "Billboard360.Web", "..\WebMetronic\Billboard360.Web\Billboard360.Web.csproj", "{558E0D88-CD97-432F-AE88-91A91C0F6787}"
EndProject
Global
	GlobalSection(SolutionConfigurationPlatforms) = preSolution
		Debug|Any CPU = Debug|Any CPU
		Release|Any CPU = Release|Any CPU
	EndGlobalSection
	GlobalSection(ProjectConfigurationPlatforms) = postSolution
		{EE55F301-AD19-41A3-891F-E4D10517431F}.Debug|Any CPU.ActiveCfg = Debug|Any CPU
		{EE55F301-AD19-41A3-891F-E4D10517431F}.Debug|Any CPU.Build.0 = Debug|Any CPU
		{EE55F301-AD19-41A3-891F-E4D10517431F}.Release|Any CPU.ActiveCfg = Release|Any CPU
		{EE55F301-AD19-41A3-891F-E4D10517431F}.Release|Any CPU.Build.0 = Release|Any CPU
		{5FA21F44-F612-45CE-AEB0-0C8FB96E938F}.Debug|Any CPU.ActiveCfg = Debug|Any CPU
		{5FA21F44-F612-45CE-AEB0-0C8FB96E938F}.Debug|Any CPU.Build.0 = Debug|Any CPU
		{5FA21F44-F612-45CE-AEB0-0C8FB96E938F}.Release|Any CPU.ActiveCfg = Release|Any CPU
		{5FA21F44-F612-45CE-AEB0-0C8FB96E938F}.Release|Any CPU.Build.0 = Release|Any CPU
		{BA4A4E63-409F-4838-8D57-DDF56ADA27B4}.Debug|Any CPU.ActiveCfg = Debug|Any CPU
		{BA4A4E63-409F-4838-8D57-DDF56ADA27B4}.Debug|Any CPU.Build.0 = Debug|Any CPU
		{BA4A4E63-409F-4838-8D57-DDF56ADA27B4}.Release|Any CPU.ActiveCfg = Release|Any CPU
		{BA4A4E63-409F-4838-8D57-DDF56ADA27B4}.Release|Any CPU.Build.0 = Release|Any CPU
		{3A8B9BA8-2B34-4829-A9DA-F0D6DC043885}.Debug|Any CPU.ActiveCfg = Debug|Any CPU
		{3A8B9BA8-2B34-4829-A9DA-F0D6DC043885}.Debug|Any CPU.Build.0 = Debug|Any CPU
		{3A8B9BA8-2B34-4829-A9DA-F0D6DC043885}.Release|Any CPU.ActiveCfg = Release|Any CPU
		{3A8B9BA8-2B34-4829-A9DA-F0D6DC043885}.Release|Any CPU.Build.0 = Release|Any CPU
		{7608DD5C-1B3B-4C3B-9CC1-6598619F1FFE}.Debug|Any CPU.ActiveCfg = Debug|Any CPU
		{7608DD5C-1B3B-4C3B-9CC1-6598619F1FFE}.Debug|Any CPU.Build.0 = Debug|Any CPU
		{7608DD5C-1B3B-4C3B-9CC1-6598619F1FFE}.Release|Any CPU.ActiveCfg = Release|Any CPU
		{7608DD5C-1B3B-4C3B-9CC1-6598619F1FFE}.Release|Any CPU.Build.0 = Release|Any CPU
		{5F163718-8AB9-4182-9D5E-758E05BC656A}.Debug|Any CPU.ActiveCfg = Debug|Any CPU
		{5F163718-8AB9-4182-9D5E-758E05BC656A}.Debug|Any CPU.Build.0 = Debug|Any CPU
		{5F163718-8AB9-4182-9D5E-758E05BC656A}.Release|Any CPU.ActiveCfg = Release|Any CPU
		{5F163718-8AB9-4182-9D5E-758E05BC656A}.Release|Any CPU.Build.0 = Release|Any CPU
		{ABD075C0-C5D3-418F-9725-110A078C073A}.Debug|Any CPU.ActiveCfg = Debug|Any CPU
		{ABD075C0-C5D3-418F-9725-110A078C073A}.Debug|Any CPU.Build.0 = Debug|Any CPU
		{ABD075C0-C5D3-418F-9725-110A078C073A}.Release|Any CPU.ActiveCfg = Release|Any CPU
		{ABD075C0-C5D3-418F-9725-110A078C073A}.Release|Any CPU.Build.0 = Release|Any CPU
		{558E0D88-CD97-432F-AE88-91A91C0F6787}.Debug|Any CPU.ActiveCfg = Debug|Any CPU
		{558E0D88-CD97-432F-AE88-91A91C0F6787}.Debug|Any CPU.Build.0 = Debug|Any CPU
		{558E0D88-CD97-432F-AE88-91A91C0F6787}.Release|Any CPU.ActiveCfg = Release|Any CPU
		{558E0D88-CD97-432F-AE88-91A91C0F6787}.Release|Any CPU.Build.0 = Release|Any CPU
	EndGlobalSection
	GlobalSection(SolutionProperties) = preSolution
		HideSolutionNode = FALSE
	EndGlobalSection
	GlobalSection(NestedProjects) = preSolution
		{EE55F301-AD19-41A3-891F-E4D10517431F} = {0DEF5629-1780-4BE9-8D34-AC8B7D0B1670}
		{5FA21F44-F612-45CE-AEB0-0C8FB96E938F} = {0E3B24A4-2638-4D0A-88E2-BD8C4100E5CF}
		{BA4A4E63-409F-4838-8D57-DDF56ADA27B4} = {8DA162D4-5202-4D34-91C2-10B67FB5FE0D}
		{3A8B9BA8-2B34-4829-A9DA-F0D6DC043885} = {C8BFB4BC-EC9D-470B-A640-8D80A3B42EA4}
		{7608DD5C-1B3B-4C3B-9CC1-6598619F1FFE} = {A94D6FA0-0EF3-4362-B2DB-1CC660C339D3}
		{5F163718-8AB9-4182-9D5E-758E05BC656A} = {A94D6FA0-0EF3-4362-B2DB-1CC660C339D3}
		{ABD075C0-C5D3-418F-9725-110A078C073A} = {A94D6FA0-0EF3-4362-B2DB-1CC660C339D3}
		{558E0D88-CD97-432F-AE88-91A91C0F6787} = {0DEF5629-1780-4BE9-8D34-AC8B7D0B1670}
	EndGlobalSection
	GlobalSection(ExtensibilityGlobals) = postSolution
		SolutionGuid = {C59BCBA7-215E-4483-9DA8-404733336B07}
	EndGlobalSection
EndGlobal
